
Microsoft Visual Studio Solution File, Format Version 12.00
# Visual Studio Version 16
VisualStudioVersion = 16.0.29519.181
MinimumVisualStudioVersion = 10.0.40219.1
Project("{2150E333-8FDC-42A3-9474-1A3956D46DE8}") = "src", "src", "{DC245067-A082-4B92-BAE0-55C59E6F5D75}"
EndProject
Project("{FAE04EC0-301F-11D3-BF4B-00C04F79EFBC}") = "Graphs.Model", "src\Graphs.Model\Graphs.Model.csproj", "{1BAE432A-F059-460A-A7DF-E15C5C487A26}"
EndProject
Project("{FAE04EC0-301F-11D3-BF4B-00C04F79EFBC}") = "Graphs.Model.Test", "test\Graphs.Model.Test\Graphs.Model.Test.csproj", "{05FEB477-DEF3-4FAF-B6A9-ACFEDDA1C358}"
EndProject
Project("{2150E333-8FDC-42A3-9474-1A3956D46DE8}") = "test", "test", "{ADBF6FA3-FC13-433C-94C1-3D21F8BD90A0}"
EndProject
Global
	GlobalSection(SolutionConfigurationPlatforms) = preSolution
		Debug|Any CPU = Debug|Any CPU
		Release|Any CPU = Release|Any CPU
	EndGlobalSection
	GlobalSection(ProjectConfigurationPlatforms) = postSolution
		{1BAE432A-F059-460A-A7DF-E15C5C487A26}.Debug|Any CPU.ActiveCfg = Debug|Any CPU
		{1BAE432A-F059-460A-A7DF-E15C5C487A26}.Debug|Any CPU.Build.0 = Debug|Any CPU
		{1BAE432A-F059-460A-A7DF-E15C5C487A26}.Release|Any CPU.ActiveCfg = Release|Any CPU
		{1BAE432A-F059-460A-A7DF-E15C5C487A26}.Release|Any CPU.Build.0 = Release|Any CPU
		{05FEB477-DEF3-4FAF-B6A9-ACFEDDA1C358}.Debug|Any CPU.ActiveCfg = Debug|Any CPU
		{05FEB477-DEF3-4FAF-B6A9-ACFEDDA1C358}.Debug|Any CPU.Build.0 = Debug|Any CPU
		{05FEB477-DEF3-4FAF-B6A9-ACFEDDA1C358}.Release|Any CPU.ActiveCfg = Release|Any CPU
		{05FEB477-DEF3-4FAF-B6A9-ACFEDDA1C358}.Release|Any CPU.Build.0 = Release|Any CPU
	EndGlobalSection
	GlobalSection(SolutionProperties) = preSolution
		HideSolutionNode = FALSE
	EndGlobalSection
	GlobalSection(NestedProjects) = preSolution
		{1BAE432A-F059-460A-A7DF-E15C5C487A26} = {DC245067-A082-4B92-BAE0-55C59E6F5D75}
		{05FEB477-DEF3-4FAF-B6A9-ACFEDDA1C358} = {ADBF6FA3-FC13-433C-94C1-3D21F8BD90A0}
	EndGlobalSection
	GlobalSection(ExtensibilityGlobals) = postSolution
		SolutionGuid = {ECC69253-103C-46E8-8EAF-D2DF86C23165}
	EndGlobalSection
EndGlobal
